// !$*UTF8*$!
{
	archiveVersion = 1;
	classes = {
	};
	objectVersion = 50;
	objects = {

/* Begin PBXBuildFile section */
		6E3766A626BD33ED00559D82 /* AppDelegate.swift in Sources */ = {isa = PBXBuildFile; fileRef = 6E3766A526BD33ED00559D82 /* AppDelegate.swift */; };
		6E3766A826BD33ED00559D82 /* SceneDelegate.swift in Sources */ = {isa = PBXBuildFile; fileRef = 6E3766A726BD33ED00559D82 /* SceneDelegate.swift */; };
		6E3766AA26BD33ED00559D82 /* ViewController.swift in Sources */ = {isa = PBXBuildFile; fileRef = 6E3766A926BD33ED00559D82 /* ViewController.swift */; };
		6E3766AD26BD33ED00559D82 /* Main.storyboard in Resources */ = {isa = PBXBuildFile; fileRef = 6E3766AB26BD33ED00559D82 /* Main.storyboard */; };
		6E3766B026BD33ED00559D82 /* GitTest.xcdatamodeld in Sources */ = {isa = PBXBuildFile; fileRef = 6E3766AE26BD33ED00559D82 /* GitTest.xcdatamodeld */; };
		6E3766B226BD33EE00559D82 /* Assets.xcassets in Resources */ = {isa = PBXBuildFile; fileRef = 6E3766B126BD33EE00559D82 /* Assets.xcassets */; };
		6E3766B526BD33EE00559D82 /* LaunchScreen.storyboard in Resources */ = {isa = PBXBuildFile; fileRef = 6E3766B326BD33EE00559D82 /* LaunchScreen.storyboard */; };
		6E3766C026BD33EE00559D82 /* GitTestTests.swift in Sources */ = {isa = PBXBuildFile; fileRef = 6E3766BF26BD33EE00559D82 /* GitTestTests.swift */; };
		6E3766CB26BD33EE00559D82 /* GitTestUITests.swift in Sources */ = {isa = PBXBuildFile; fileRef = 6E3766CA26BD33EE00559D82 /* GitTestUITests.swift */; };
/* End PBXBuildFile section */

/* Begin PBXContainerItemProxy section */
		6E3766BC26BD33EE00559D82 /* PBXContainerItemProxy */ = {
			isa = PBXContainerItemProxy;
			containerPortal = 6E37669A26BD33ED00559D82 /* Project object */;
			proxyType = 1;
			remoteGlobalIDString = 6E3766A126BD33ED00559D82;
			remoteInfo = GitTest;
		};
		6E3766C726BD33EE00559D82 /* PBXContainerItemProxy */ = {
			isa = PBXContainerItemProxy;
			containerPortal = 6E37669A26BD33ED00559D82 /* Project object */;
			proxyType = 1;
			remoteGlobalIDString = 6E3766A126BD33ED00559D82;
			remoteInfo = GitTest;
		};
/* End PBXContainerItemProxy section */

/* Begin PBXFileReference section */
		6E3766A226BD33ED00559D82 /* GitTest.app */ = {isa = PBXFileReference; explicitFileType = wrapper.application; includeInIndex = 0; path = GitTest.app; sourceTree = BUILT_PRODUCTS_DIR; };
		6E3766A526BD33ED00559D82 /* AppDelegate.swift */ = {isa = PBXFileReference; lastKnownFileType = sourcecode.swift; path = AppDelegate.swift; sourceTree = "<group>"; };
		6E3766A726BD33ED00559D82 /* SceneDelegate.swift */ = {isa = PBXFileReference; lastKnownFileType = sourcecode.swift; path = SceneDelegate.swift; sourceTree = "<group>"; };
		6E3766A926BD33ED00559D82 /* ViewController.swift */ = {isa = PBXFileReference; lastKnownFileType = sourcecode.swift; path = ViewController.swift; sourceTree = "<group>"; };
		6E3766AC26BD33ED00559D82 /* Base */ = {isa = PBXFileReference; lastKnownFileType = file.storyboard; name = Base; path = Base.lproj/Main.storyboard; sourceTree = "<group>"; };
		6E3766AF26BD33ED00559D82 /* GitTest.xcdatamodel */ = {isa = PBXFileReference; lastKnownFileType = wrapper.xcdatamodel; path = GitTest.xcdatamodel; sourceTree = "<group>"; };
		6E3766B126BD33EE00559D82 /* Assets.xcassets */ = {isa = PBXFileReference; lastKnownFileType = folder.assetcatalog; path = Assets.xcassets; sourceTree = "<group>"; };
		6E3766B426BD33EE00559D82 /* Base */ = {isa = PBXFileReference; lastKnownFileType = file.storyboard; name = Base; path = Base.lproj/LaunchScreen.storyboard; sourceTree = "<group>"; };
		6E3766B626BD33EE00559D82 /* Info.plist */ = {isa = PBXFileReference; lastKnownFileType = text.plist.xml; path = Info.plist; sourceTree = "<group>"; };
		6E3766BB26BD33EE00559D82 /* GitTestTests.xctest */ = {isa = PBXFileReference; explicitFileType = wrapper.cfbundle; includeInIndex = 0; path = GitTestTests.xctest; sourceTree = BUILT_PRODUCTS_DIR; };
		6E3766BF26BD33EE00559D82 /* GitTestTests.swift */ = {isa = PBXFileReference; lastKnownFileType = sourcecode.swift; path = GitTestTests.swift; sourceTree = "<group>"; };
		6E3766C126BD33EE00559D82 /* Info.plist */ = {isa = PBXFileReference; lastKnownFileType = text.plist.xml; path = Info.plist; sourceTree = "<group>"; };
		6E3766C626BD33EE00559D82 /* GitTestUITests.xctest */ = {isa = PBXFileReference; explicitFileType = wrapper.cfbundle; includeInIndex = 0; path = GitTestUITests.xctest; sourceTree = BUILT_PRODUCTS_DIR; };
		6E3766CA26BD33EE00559D82 /* GitTestUITests.swift */ = {isa = PBXFileReference; lastKnownFileType = sourcecode.swift; path = GitTestUITests.swift; sourceTree = "<group>"; };
		6E3766CC26BD33EE00559D82 /* Info.plist */ = {isa = PBXFileReference; lastKnownFileType = text.plist.xml; path = Info.plist; sourceTree = "<group>"; };
/* End PBXFileReference section */

/* Begin PBXFrameworksBuildPhase section */
		6E37669F26BD33ED00559D82 /* Frameworks */ = {
			isa = PBXFrameworksBuildPhase;
			buildActionMask = 2147483647;
			files = (
			);
			runOnlyForDeploymentPostprocessing = 0;
		};
		6E3766B826BD33EE00559D82 /* Frameworks */ = {
			isa = PBXFrameworksBuildPhase;
			buildActionMask = 2147483647;
			files = (
			);
			runOnlyForDeploymentPostprocessing = 0;
		};
		6E3766C326BD33EE00559D82 /* Frameworks */ = {
			isa = PBXFrameworksBuildPhase;
			buildActionMask = 2147483647;
			files = (
			);
			runOnlyForDeploymentPostprocessing = 0;
		};
/* End PBXFrameworksBuildPhase section */

/* Begin PBXGroup section */
		6E37669926BD33ED00559D82 = {
			isa = PBXGroup;
			children = (
				6E3766A426BD33ED00559D82 /* GitTest */,
				6E3766BE26BD33EE00559D82 /* GitTestTests */,
				6E3766C926BD33EE00559D82 /* GitTestUITests */,
				6E3766A326BD33ED00559D82 /* Products */,
			);
			sourceTree = "<group>";
		};
		6E3766A326BD33ED00559D82 /* Products */ = {
			isa = PBXGroup;
			children = (
				6E3766A226BD33ED00559D82 /* GitTest.app */,
				6E3766BB26BD33EE00559D82 /* GitTestTests.xctest */,
				6E3766C626BD33EE00559D82 /* GitTestUITests.xctest */,
			);
			name = Products;
			sourceTree = "<group>";
		};
		6E3766A426BD33ED00559D82 /* GitTest */ = {
			isa = PBXGroup;
			children = (
				6E3766A526BD33ED00559D82 /* AppDelegate.swift */,
				6E3766A726BD33ED00559D82 /* SceneDelegate.swift */,
				6E3766A926BD33ED00559D82 /* ViewController.swift */,
				6E3766AB26BD33ED00559D82 /* Main.storyboard */,
				6E3766B126BD33EE00559D82 /* Assets.xcassets */,
				6E3766B326BD33EE00559D82 /* LaunchScreen.storyboard */,
				6E3766B626BD33EE00559D82 /* Info.plist */,
				6E3766AE26BD33ED00559D82 /* GitTest.xcdatamodeld */,
			);
			path = GitTest;
			sourceTree = "<group>";
		};
		6E3766BE26BD33EE00559D82 /* GitTestTests */ = {
			isa = PBXGroup;
			children = (
				6E3766BF26BD33EE00559D82 /* GitTestTests.swift */,
				6E3766C126BD33EE00559D82 /* Info.plist */,
			);
			path = GitTestTests;
			sourceTree = "<group>";
		};
		6E3766C926BD33EE00559D82 /* GitTestUITests */ = {
			isa = PBXGroup;
			children = (
				6E3766CA26BD33EE00559D82 /* GitTestUITests.swift */,
				6E3766CC26BD33EE00559D82 /* Info.plist */,
			);
			path = GitTestUITests;
			sourceTree = "<group>";
		};
/* End PBXGroup section */

/* Begin PBXNativeTarget section */
		6E3766A126BD33ED00559D82 /* GitTest */ = {
			isa = PBXNativeTarget;
			buildConfigurationList = 6E3766CF26BD33EE00559D82 /* Build configuration list for PBXNativeTarget "GitTest" */;
			buildPhases = (
				6E37669E26BD33ED00559D82 /* Sources */,
				6E37669F26BD33ED00559D82 /* Frameworks */,
				6E3766A026BD33ED00559D82 /* Resources */,
			);
			buildRules = (
			);
			dependencies = (
			);
			name = GitTest;
			productName = GitTest;
			productReference = 6E3766A226BD33ED00559D82 /* GitTest.app */;
			productType = "com.apple.product-type.application";
		};
		6E3766BA26BD33EE00559D82 /* GitTestTests */ = {
			isa = PBXNativeTarget;
			buildConfigurationList = 6E3766D226BD33EE00559D82 /* Build configuration list for PBXNativeTarget "GitTestTests" */;
			buildPhases = (
				6E3766B726BD33EE00559D82 /* Sources */,
				6E3766B826BD33EE00559D82 /* Frameworks */,
				6E3766B926BD33EE00559D82 /* Resources */,
			);
			buildRules = (
			);
			dependencies = (
				6E3766BD26BD33EE00559D82 /* PBXTargetDependency */,
			);
			name = GitTestTests;
			productName = GitTestTests;
			productReference = 6E3766BB26BD33EE00559D82 /* GitTestTests.xctest */;
			productType = "com.apple.product-type.bundle.unit-test";
		};
		6E3766C526BD33EE00559D82 /* GitTestUITests */ = {
			isa = PBXNativeTarget;
			buildConfigurationList = 6E3766D526BD33EE00559D82 /* Build configuration list for PBXNativeTarget "GitTestUITests" */;
			buildPhases = (
				6E3766C226BD33EE00559D82 /* Sources */,
				6E3766C326BD33EE00559D82 /* Frameworks */,
				6E3766C426BD33EE00559D82 /* Resources */,
			);
			buildRules = (
			);
			dependencies = (
				6E3766C826BD33EE00559D82 /* PBXTargetDependency */,
			);
			name = GitTestUITests;
			productName = GitTestUITests;
			productReference = 6E3766C626BD33EE00559D82 /* GitTestUITests.xctest */;
			productType = "com.apple.product-type.bundle.ui-testing";
		};
/* End PBXNativeTarget section */

/* Begin PBXProject section */
		6E37669A26BD33ED00559D82 /* Project object */ = {
			isa = PBXProject;
			attributes = {
				LastSwiftUpdateCheck = 1250;
				LastUpgradeCheck = 1250;
				TargetAttributes = {
					6E3766A126BD33ED00559D82 = {
						CreatedOnToolsVersion = 12.5.1;
					};
					6E3766BA26BD33EE00559D82 = {
						CreatedOnToolsVersion = 12.5.1;
						TestTargetID = 6E3766A126BD33ED00559D82;
					};
					6E3766C526BD33EE00559D82 = {
						CreatedOnToolsVersion = 12.5.1;
						TestTargetID = 6E3766A126BD33ED00559D82;
					};
				};
			};
			buildConfigurationList = 6E37669D26BD33ED00559D82 /* Build configuration list for PBXProject "GitTest" */;
			compatibilityVersion = "Xcode 9.3";
			developmentRegion = en;
			hasScannedForEncodings = 0;
			knownRegions = (
				en,
				Base,
			);
			mainGroup = 6E37669926BD33ED00559D82;
			productRefGroup = 6E3766A326BD33ED00559D82 /* Products */;
			projectDirPath = "";
			projectRoot = "";
			targets = (
				6E3766A126BD33ED00559D82 /* GitTest */,
				6E3766BA26BD33EE00559D82 /* GitTestTests */,
				6E3766C526BD33EE00559D82 /* GitTestUITests */,
			);
		};
/* End PBXProject section */

/* Begin PBXResourcesBuildPhase section */
		6E3766A026BD33ED00559D82 /* Resources */ = {
			isa = PBXResourcesBuildPhase;
			buildActionMask = 2147483647;
			files = (
				6E3766B526BD33EE00559D82 /* LaunchScreen.storyboard in Resources */,
				6E3766B226BD33EE00559D82 /* Assets.xcassets in Resources */,
				6E3766AD26BD33ED00559D82 /* Main.storyboard in Resources */,
			);
			runOnlyForDeploymentPostprocessing = 0;
		};
		6E3766B926BD33EE00559D82 /* Resources */ = {
			isa = PBXResourcesBuildPhase;
			buildActionMask = 2147483647;
			files = (
			);
			runOnlyForDeploymentPostprocessing = 0;
		};
		6E3766C426BD33EE00559D82 /* Resources */ = {
			isa = PBXResourcesBuildPhase;
			buildActionMask = 2147483647;
			files = (
			);
			runOnlyForDeploymentPostprocessing = 0;
		};
/* End PBXResourcesBuildPhase section */

/* Begin PBXSourcesBuildPhase section */
		6E37669E26BD33ED00559D82 /* Sources */ = {
			isa = PBXSourcesBuildPhase;
			buildActionMask = 2147483647;
			files = (
				6E3766B026BD33ED00559D82 /* GitTest.xcdatamodeld in Sources */,
				6E3766AA26BD33ED00559D82 /* ViewController.swift in Sources */,
				6E3766A626BD33ED00559D82 /* AppDelegate.swift in Sources */,
				6E3766A826BD33ED00559D82 /* SceneDelegate.swift in Sources */,
			);
			runOnlyForDeploymentPostprocessing = 0;
		};
		6E3766B726BD33EE00559D82 /* Sources */ = {
			isa = PBXSourcesBuildPhase;
			buildActionMask = 2147483647;
			files = (
				6E3766C026BD33EE00559D82 /* GitTestTests.swift in Sources */,
			);
			runOnlyForDeploymentPostprocessing = 0;
		};
		6E3766C226BD33EE00559D82 /* Sources */ = {
			isa = PBXSourcesBuildPhase;
			buildActionMask = 2147483647;
			files = (
				6E3766CB26BD33EE00559D82 /* GitTestUITests.swift in Sources */,
			);
			runOnlyForDeploymentPostprocessing = 0;
		};
/* End PBXSourcesBuildPhase section */

/* Begin PBXTargetDependency section */
		6E3766BD26BD33EE00559D82 /* PBXTargetDependency */ = {
			isa = PBXTargetDependency;
			target = 6E3766A126BD33ED00559D82 /* GitTest */;
			targetProxy = 6E3766BC26BD33EE00559D82 /* PBXContainerItemProxy */;
		};
		6E3766C826BD33EE00559D82 /* PBXTargetDependency */ = {
			isa = PBXTargetDependency;
			target = 6E3766A126BD33ED00559D82 /* GitTest */;
			targetProxy = 6E3766C726BD33EE00559D82 /* PBXContainerItemProxy */;
		};
/* End PBXTargetDependency section */

/* Begin PBXVariantGroup section */
		6E3766AB26BD33ED00559D82 /* Main.storyboard */ = {
			isa = PBXVariantGroup;
			children = (
				6E3766AC26BD33ED00559D82 /* Base */,
			);
			name = Main.storyboard;
			sourceTree = "<group>";
		};
		6E3766B326BD33EE00559D82 /* LaunchScreen.storyboard */ = {
			isa = PBXVariantGroup;
			children = (
				6E3766B426BD33EE00559D82 /* Base */,
			);
			name = LaunchScreen.storyboard;
			sourceTree = "<group>";
		};
/* End PBXVariantGroup section */

/* Begin XCBuildConfiguration section */
		6E3766CD26BD33EE00559D82 /* Debug */ = {
			isa = XCBuildConfiguration;
			buildSettings = {
				ALWAYS_SEARCH_USER_PATHS = NO;
				CLANG_ANALYZER_NONNULL = YES;
				CLANG_ANALYZER_NUMBER_OBJECT_CONVERSION = YES_AGGRESSIVE;
				CLANG_CXX_LANGUAGE_STANDARD = "gnu++14";
				CLANG_CXX_LIBRARY = "libc++";
				CLANG_ENABLE_MODULES = YES;
				CLANG_ENABLE_OBJC_ARC = YES;
				CLANG_ENABLE_OBJC_WEAK = YES;
				CLANG_WARN_BLOCK_CAPTURE_AUTORELEASING = YES;
				CLANG_WARN_BOOL_CONVERSION = YES;
				CLANG_WARN_COMMA = YES;
				CLANG_WARN_CONSTANT_CONVERSION = YES;
				CLANG_WARN_DEPRECATED_OBJC_IMPLEMENTATIONS = YES;
				CLANG_WARN_DIRECT_OBJC_ISA_USAGE = YES_ERROR;
				CLANG_WARN_DOCUMENTATION_COMMENTS = YES;
				CLANG_WARN_EMPTY_BODY = YES;
				CLANG_WARN_ENUM_CONVERSION = YES;
				CLANG_WARN_INFINITE_RECURSION = YES;
				CLANG_WARN_INT_CONVERSION = YES;
				CLANG_WARN_NON_LITERAL_NULL_CONVERSION = YES;
				CLANG_WARN_OBJC_IMPLICIT_RETAIN_SELF = YES;
				CLANG_WARN_OBJC_LITERAL_CONVERSION = YES;
				CLANG_WARN_OBJC_ROOT_CLASS = YES_ERROR;
				CLANG_WARN_QUOTED_INCLUDE_IN_FRAMEWORK_HEADER = YES;
				CLANG_WARN_RANGE_LOOP_ANALYSIS = YES;
				CLANG_WARN_STRICT_PROTOTYPES = YES;
				CLANG_WARN_SUSPICIOUS_MOVE = YES;
				CLANG_WARN_UNGUARDED_AVAILABILITY = YES_AGGRESSIVE;
				CLANG_WARN_UNREACHABLE_CODE = YES;
				CLANG_WARN__DUPLICATE_METHOD_MATCH = YES;
				COPY_PHASE_STRIP = NO;
				DEBUG_INFORMATION_FORMAT = dwarf;
				ENABLE_STRICT_OBJC_MSGSEND = YES;
				ENABLE_TESTABILITY = YES;
				GCC_C_LANGUAGE_STANDARD = gnu11;
				GCC_DYNAMIC_NO_PIC = NO;
				GCC_NO_COMMON_BLOCKS = YES;
				GCC_OPTIMIZATION_LEVEL = 0;
				GCC_PREPROCESSOR_DEFINITIONS = (
					"DEBUG=1",
					"$(inherited)",
				);
				GCC_WARN_64_TO_32_BIT_CONVERSION = YES;
				GCC_WARN_ABOUT_RETURN_TYPE = YES_ERROR;
				GCC_WARN_UNDECLARED_SELECTOR = YES;
				GCC_WARN_UNINITIALIZED_AUTOS = YES_AGGRESSIVE;
				GCC_WARN_UNUSED_FUNCTION = YES;
				GCC_WARN_UNUSED_VARIABLE = YES;
				IPHONEOS_DEPLOYMENT_TARGET = 14.5;
				MTL_ENABLE_DEBUG_INFO = INCLUDE_SOURCE;
				MTL_FAST_MATH = YES;
				ONLY_ACTIVE_ARCH = YES;
				SDKROOT = iphoneos;
				SWIFT_ACTIVE_COMPILATION_CONDITIONS = DEBUG;
				SWIFT_OPTIMIZATION_LEVEL = "-Onone";
			};
			name = Debug;
		};
		6E3766CE26BD33EE00559D82 /* Release */ = {
			isa = XCBuildConfiguration;
			buildSettings = {
				ALWAYS_SEARCH_USER_PATHS = NO;
				CLANG_ANALYZER_NONNULL = YES;
				CLANG_ANALYZER_NUMBER_OBJECT_CONVERSION = YES_AGGRESSIVE;
				CLANG_CXX_LANGUAGE_STANDARD = "gnu++14";
				CLANG_CXX_LIBRARY = "libc++";
				CLANG_ENABLE_MODULES = YES;
				CLANG_ENABLE_OBJC_ARC = YES;
				CLANG_ENABLE_OBJC_WEAK = YES;
				CLANG_WARN_BLOCK_CAPTURE_AUTORELEASING = YES;
				CLANG_WARN_BOOL_CONVERSION = YES;
				CLANG_WARN_COMMA = YES;
				CLANG_WARN_CONSTANT_CONVERSION = YES;
				CLANG_WARN_DEPRECATED_OBJC_IMPLEMENTATIONS = YES;
				CLANG_WARN_DIRECT_OBJC_ISA_USAGE = YES_ERROR;
				CLANG_WARN_DOCUMENTATION_COMMENTS = YES;
				CLANG_WARN_EMPTY_BODY = YES;
				CLANG_WARN_ENUM_CONVERSION = YES;
				CLANG_WARN_INFINITE_RECURSION = YES;
				CLANG_WARN_INT_CONVERSION = YES;
				CLANG_WARN_NON_LITERAL_NULL_CONVERSION = YES;
				CLANG_WARN_OBJC_IMPLICIT_RETAIN_SELF = YES;
				CLANG_WARN_OBJC_LITERAL_CONVERSION = YES;
				CLANG_WARN_OBJC_ROOT_CLASS = YES_ERROR;
				CLANG_WARN_QUOTED_INCLUDE_IN_FRAMEWORK_HEADER = YES;
				CLANG_WARN_RANGE_LOOP_ANALYSIS = YES;
				CLANG_WARN_STRICT_PROTOTYPES = YES;
				CLANG_WARN_SUSPICIOUS_MOVE = YES;
				CLANG_WARN_UNGUARDED_AVAILABILITY = YES_AGGRESSIVE;
				CLANG_WARN_UNREACHABLE_CODE = YES;
				CLANG_WARN__DUPLICATE_METHOD_MATCH = YES;
				COPY_PHASE_STRIP = NO;
				DEBUG_INFORMATION_FORMAT = "dwarf-with-dsym";
				ENABLE_NS_ASSERTIONS = NO;
				ENABLE_STRICT_OBJC_MSGSEND = YES;
				GCC_C_LANGUAGE_STANDARD = gnu11;
				GCC_NO_COMMON_BLOCKS = YES;
				GCC_WARN_64_TO_32_BIT_CONVERSION = YES;
				GCC_WARN_ABOUT_RETURN_TYPE = YES_ERROR;
				GCC_WARN_UNDECLARED_SELECTOR = YES;
				GCC_WARN_UNINITIALIZED_AUTOS = YES_AGGRESSIVE;
				GCC_WARN_UNUSED_FUNCTION = YES;
				GCC_WARN_UNUSED_VARIABLE = YES;
				IPHONEOS_DEPLOYMENT_TARGET = 14.5;
				MTL_ENABLE_DEBUG_INFO = NO;
				MTL_FAST_MATH = YES;
				SDKROOT = iphoneos;
				SWIFT_COMPILATION_MODE = wholemodule;
				SWIFT_OPTIMIZATION_LEVEL = "-O";
				VALIDATE_PRODUCT = YES;
			};
			name = Release;
		};
		6E3766D026BD33EE00559D82 /* Debug */ = {
			isa = XCBuildConfiguration;
			buildSettings = {
				ASSETCATALOG_COMPILER_APPICON_NAME = AppIcon;
				ASSETCATALOG_COMPILER_GLOBAL_ACCENT_COLOR_NAME = AccentColor;
				CODE_SIGN_STYLE = Automatic;
				INFOPLIST_FILE = GitTest/Info.plist;
				LD_RUNPATH_SEARCH_PATHS = (
					"$(inherited)",
					"@executable_path/Frameworks",
				);
				PRODUCT_BUNDLE_IDENTIFIER = cn.sjxc.GitTest;
				PRODUCT_NAME = "$(TARGET_NAME)";
				SWIFT_VERSION = 5.0;
				TARGETED_DEVICE_FAMILY = "1,2";
			};
			name = Debug;
		};
		6E3766D126BD33EE00559D82 /* Release */ = {
			isa = XCBuildConfiguration;
			buildSettings = {
				ASSETCATALOG_COMPILER_APPICON_NAME = AppIcon;
				ASSETCATALOG_COMPILER_GLOBAL_ACCENT_COLOR_NAME = AccentColor;
				CODE_SIGN_STYLE = Automatic;
				INFOPLIST_FILE = GitTest/Info.plist;
				LD_RUNPATH_SEARCH_PATHS = (
					"$(inherited)",
					"@executable_path/Frameworks",
				);
				PRODUCT_BUNDLE_IDENTIFIER = cn.sjxc.GitTest;
				PRODUCT_NAME = "$(TARGET_NAME)";
				SWIFT_VERSION = 5.0;
				TARGETED_DEVICE_FAMILY = "1,2";
			};
			name = Release;
		};
		6E3766D326BD33EE00559D82 /* Debug */ = {
			isa = XCBuildConfiguration;
			buildSettings = {
				ALWAYS_EMBED_SWIFT_STANDARD_LIBRARIES = YES;
				BUNDLE_LOADER = "$(TEST_HOST)";
				CODE_SIGN_STYLE = Automatic;
				INFOPLIST_FILE = GitTestTests/Info.plist;
				IPHONEOS_DEPLOYMENT_TARGET = 14.5;
				LD_RUNPATH_SEARCH_PATHS = (
					"$(inherited)",
					"@executable_path/Frameworks",
					"@loader_path/Frameworks",
				);
				PRODUCT_BUNDLE_IDENTIFIER = cn.sjxc.GitTestTests;
				PRODUCT_NAME = "$(TARGET_NAME)";
				SWIFT_VERSION = 5.0;
				TARGETED_DEVICE_FAMILY = "1,2";
				TEST_HOST = "$(BUILT_PRODUCTS_DIR)/GitTest.app/GitTest";
			};
			name = Debug;
		};
		6E3766D426BD33EE00559D82 /* Release */ = {
			isa = XCBuildConfiguration;
			buildSettings = {
				ALWAYS_EMBED_SWIFT_STANDARD_LIBRARIES = YES;
				BUNDLE_LOADER = "$(TEST_HOST)";
				CODE_SIGN_STYLE = Automatic;
				INFOPLIST_FILE = GitTestTests/Info.plist;
				IPHONEOS_DEPLOYMENT_TARGET = 14.5;
				LD_RUNPATH_SEARCH_PATHS = (
					"$(inherited)",
					"@executable_path/Frameworks",
					"@loader_path/Frameworks",
				);
				PRODUCT_BUNDLE_IDENTIFIER = cn.sjxc.GitTestTests;
				PRODUCT_NAME = "$(TARGET_NAME)";
				SWIFT_VERSION = 5.0;
				TARGETED_DEVICE_FAMILY = "1,2";
				TEST_HOST = "$(BUILT_PRODUCTS_DIR)/GitTest.app/GitTest";
			};
			name = Release;
		};
		6E3766D626BD33EE00559D82 /* Debug */ = {
			isa = XCBuildConfiguration;
			buildSettings = {
				ALWAYS_EMBED_SWIFT_STANDARD_LIBRARIES = YES;
				CODE_SIGN_STYLE = Automatic;
				INFOPLIST_FILE = GitTestUITests/Info.plist;
				LD_RUNPATH_SEARCH_PATHS = (
					"$(inherited)",
					"@executable_path/Frameworks",
					"@loader_path/Frameworks",
				);
				PRODUCT_BUNDLE_IDENTIFIER = cn.sjxc.GitTestUITests;
				PRODUCT_NAME = "$(TARGET_NAME)";
				SWIFT_VERSION = 5.0;
				TARGETED_DEVICE_FAMILY = "1,2";
				TEST_TARGET_NAME = GitTest;
			};
			name = Debug;
		};
		6E3766D726BD33EE00559D82 /* Release */ = {
			isa = XCBuildConfiguration;
			buildSettings = {
				ALWAYS_EMBED_SWIFT_STANDARD_LIBRARIES = YES;
				CODE_SIGN_STYLE = Automatic;
				INFOPLIST_FILE = GitTestUITests/Info.plist;
				LD_RUNPATH_SEARCH_PATHS = (
					"$(inherited)",
					"@executable_path/Frameworks",
					"@loader_path/Frameworks",
				);
				PRODUCT_BUNDLE_IDENTIFIER = cn.sjxc.GitTestUITests;
				PRODUCT_NAME = "$(TARGET_NAME)";
				SWIFT_VERSION = 5.0;
				TARGETED_DEVICE_FAMILY = "1,2";
				TEST_TARGET_NAME = GitTest;
			};
			name = Release;
		};
/* End XCBuildConfiguration section */

/* Begin XCConfigurationList section */
		6E37669D26BD33ED00559D82 /* Build configuration list for PBXProject "GitTest" */ = {
			isa = XCConfigurationList;
			buildConfigurations = (
				6E3766CD26BD33EE00559D82 /* Debug */,
				6E3766CE26BD33EE00559D82 /* Release */,
			);
			defaultConfigurationIsVisible = 0;
			defaultConfigurationName = Release;
		};
		6E3766CF26BD33EE00559D82 /* Build configuration list for PBXNativeTarget "GitTest" */ = {
			isa = XCConfigurationList;
			buildConfigurations = (
				6E3766D026BD33EE00559D82 /* Debug */,
				6E3766D126BD33EE00559D82 /* Release */,
			);
			defaultConfigurationIsVisible = 0;
			defaultConfigurationName = Release;
		};
		6E3766D226BD33EE00559D82 /* Build configuration list for PBXNativeTarget "GitTestTests" */ = {
			isa = XCConfigurationList;
			buildConfigurations = (
				6E3766D326BD33EE00559D82 /* Debug */,
				6E3766D426BD33EE00559D82 /* Release */,
			);
			defaultConfigurationIsVisible = 0;
			defaultConfigurationName = Release;
		};
		6E3766D526BD33EE00559D82 /* Build configuration list for PBXNativeTarget "GitTestUITests" */ = {
			isa = XCConfigurationList;
			buildConfigurations = (
				6E3766D626BD33EE00559D82 /* Debug */,
				6E3766D726BD33EE00559D82 /* Release */,
			);
			defaultConfigurationIsVisible = 0;
			defaultConfigurationName = Release;
		};
/* End XCConfigurationList section */

/* Begin XCVersionGroup section */
		6E3766AE26BD33ED00559D82 /* GitTest.xcdatamodeld */ = {
			isa = XCVersionGroup;
			children = (
				6E3766AF26BD33ED00559D82 /* GitTest.xcdatamodel */,
			);
			currentVersion = 6E3766AF26BD33ED00559D82 /* GitTest.xcdatamodel */;
			path = GitTest.xcdatamodeld;
			sourceTree = "<group>";
			versionGroupType = wrapper.xcdatamodel;
		};
/* End XCVersionGroup section */
	};
	rootObject = 6E37669A26BD33ED00559D82 /* Project object */;
}
